
Microsoft Visual Studio Solution File, Format Version 12.00
# Visual Studio 2013
VisualStudioVersion = 12.0.40629.0
MinimumVisualStudioVersion = 10.0.40219.1
Project("{FAE04EC0-301F-11D3-BF4B-00C04F79EFBC}") = "DesignPatterns.Tests", "test\DesignPatterns.Tests\DesignPatterns.Tests.csproj", "{0D9B8D6B-63B8-497F-9209-D4050C2361FD}"
EndProject
Project("{FAE04EC0-301F-11D3-BF4B-00C04F79EFBC}") = "DesignPatterns", "src\DesignPatterns\DesignPatterns.csproj", "{5224DA1E-60F2-445E-AE54-54AD65CB1585}"
EndProject
Project("{FAE04EC0-301F-11D3-BF4B-00C04F79EFBC}") = "ConsoleApplication1", "ConsoleApplication1\ConsoleApplication1.csproj", "{EF055D32-B3D7-4EC6-847B-0DC41C30FD76}"
EndProject
Global
	GlobalSection(SolutionConfigurationPlatforms) = preSolution
		Debug|Any CPU = Debug|Any CPU
		Release|Any CPU = Release|Any CPU
	EndGlobalSection
	GlobalSection(ProjectConfigurationPlatforms) = postSolution
		{0D9B8D6B-63B8-497F-9209-D4050C2361FD}.Debug|Any CPU.ActiveCfg = Debug|Any CPU
		{0D9B8D6B-63B8-497F-9209-D4050C2361FD}.Debug|Any CPU.Build.0 = Debug|Any CPU
		{0D9B8D6B-63B8-497F-9209-D4050C2361FD}.Release|Any CPU.ActiveCfg = Release|Any CPU
		{0D9B8D6B-63B8-497F-9209-D4050C2361FD}.Release|Any CPU.Build.0 = Release|Any CPU
		{5224DA1E-60F2-445E-AE54-54AD65CB1585}.Debug|Any CPU.ActiveCfg = Debug|Any CPU
		{5224DA1E-60F2-445E-AE54-54AD65CB1585}.Debug|Any CPU.Build.0 = Debug|Any CPU
		{5224DA1E-60F2-445E-AE54-54AD65CB1585}.Release|Any CPU.ActiveCfg = Release|Any CPU
		{5224DA1E-60F2-445E-AE54-54AD65CB1585}.Release|Any CPU.Build.0 = Release|Any CPU
		{EF055D32-B3D7-4EC6-847B-0DC41C30FD76}.Debug|Any CPU.ActiveCfg = Debug|Any CPU
		{EF055D32-B3D7-4EC6-847B-0DC41C30FD76}.Debug|Any CPU.Build.0 = Debug|Any CPU
		{EF055D32-B3D7-4EC6-847B-0DC41C30FD76}.Release|Any CPU.ActiveCfg = Release|Any CPU
		{EF055D32-B3D7-4EC6-847B-0DC41C30FD76}.Release|Any CPU.Build.0 = Release|Any CPU
	EndGlobalSection
	GlobalSection(SolutionProperties) = preSolution
		HideSolutionNode = FALSE
	EndGlobalSection
EndGlobal
